# This file is automatically @generated by Cargo.
# It is not intended for manual editing.
version = 4

[[package]]
name = "build_html"
version = "2.8.0"
source = "registry+https://github.com/rust-lang/crates.io-index"
checksum = "f1829197343f1874c1979c988a5e75c2539c4645792d87494286ce2cb6dc890d"

[[package]]
name = "site-gen"
version = "0.1.0"
dependencies = [
 "build_html",
]
